
Microsoft Visual Studio Solution File, Format Version 12.00
# Visual Studio Version 16
VisualStudioVersion = 16.0.31105.61
MinimumVisualStudioVersion = 10.0.40219.1
Project("{9A19103F-16F7-4668-BE54-9A1E7A4F7556}") = "GameOfLife", "GameOfLife.csproj", "{4CB16C95-F28E-4A3E-82CF-D2CF9EE94E1F}"
EndProject
Project("{9A19103F-16F7-4668-BE54-9A1E7A4F7556}") = "GameOfLifeTests", "..\GameOfLifeTests\GameOfLifeTests.csproj", "{4AC183B8-6F55-4952-A0B9-EA8A4A308AEC}"
EndProject
Project("{2150E333-8FDC-42A3-9474-1A3956D46DE8}") = "Solution Items", "Solution Items", "{59DCC4FA-98B6-45B4-9912-11C6F7A8B0E3}"
	ProjectSection(SolutionItems) = preProject
		.editorconfig = .editorconfig
	EndProjectSection
EndProject
Global
	GlobalSection(SolutionConfigurationPlatforms) = preSolution
		Debug|Any CPU = Debug|Any CPU
		Release|Any CPU = Release|Any CPU
	EndGlobalSection
	GlobalSection(ProjectConfigurationPlatforms) = postSolution
		{4CB16C95-F28E-4A3E-82CF-D2CF9EE94E1F}.Debug|Any CPU.ActiveCfg = Debug|Any CPU
		{4CB16C95-F28E-4A3E-82CF-D2CF9EE94E1F}.Debug|Any CPU.Build.0 = Debug|Any CPU
		{4CB16C95-F28E-4A3E-82CF-D2CF9EE94E1F}.Release|Any CPU.ActiveCfg = Release|Any CPU
		{4CB16C95-F28E-4A3E-82CF-D2CF9EE94E1F}.Release|Any CPU.Build.0 = Release|Any CPU
		{4AC183B8-6F55-4952-A0B9-EA8A4A308AEC}.Debug|Any CPU.ActiveCfg = Debug|Any CPU
		{4AC183B8-6F55-4952-A0B9-EA8A4A308AEC}.Debug|Any CPU.Build.0 = Debug|Any CPU
		{4AC183B8-6F55-4952-A0B9-EA8A4A308AEC}.Release|Any CPU.ActiveCfg = Release|Any CPU
		{4AC183B8-6F55-4952-A0B9-EA8A4A308AEC}.Release|Any CPU.Build.0 = Release|Any CPU
	EndGlobalSection
	GlobalSection(SolutionProperties) = preSolution
		HideSolutionNode = FALSE
	EndGlobalSection
	GlobalSection(ExtensibilityGlobals) = postSolution
		SolutionGuid = {5541E134-0F87-44E1-BD07-7D5DA44A2BEC}
	EndGlobalSection
EndGlobal
